<?xml version="1.0" encoding="utf-8"?>
<Project ToolsVersion="4.0" xmlns="http://schemas.microsoft.com/developer/msbuild/2003">
  <ItemGroup>
    <Filter Include="Graphics">
      <UniqueIdentifier>{4be9c4fb-a198-44ee-9012-2b24014beb42}</UniqueIdentifier>
    </Filter>
    <Filter Include="d3d11">
      <UniqueIdentifier>{8b9c15b3-5db9-4a77-8acc-932bcb87c2d5}</UniqueIdentifier>
    </Filter>
  </ItemGroup>
  <ItemGroup>
    <ClInclude Include="include\d3d11\D3D11Camera.hpp">
      <Filter>d3d11</Filter>
    </ClInclude>
    <ClInclude Include="include\d3d11\D3D11Device.hpp">
      <Filter>d3d11</Filter>
    </ClInclude>
    <ClInclude Include="include\d3d11\D3D11Material.hpp">
      <Filter>d3d11</Filter>
    </ClInclude>
    <ClInclude Include="include\d3d11\D3D11OrthographicCamera.hpp">
      <Filter>d3d11</Filter>
    </ClInclude>
    <ClInclude Include="include\d3d11\D3D11PerspectiveCamera.hpp">
      <Filter>d3d11</Filter>
    </ClInclude>
    <ClInclude Include="include\d3d11\D3D11Renderer.hpp">
      <Filter>d3d11</Filter>
    </ClInclude>
    <ClInclude Include="include\d3d11\D3D11RenderTarget.hpp">
      <Filter>d3d11</Filter>
    </ClInclude>
    <ClInclude Include="include\Graphics\Camera.hpp">
      <Filter>Graphics</Filter>
    </ClInclude>
    <ClInclude Include="include\Graphics\Device.hpp">
      <Filter>Graphics</Filter>
    </ClInclude>
    <ClInclude Include="include\Graphics\Material.hpp">
      <Filter>Graphics</Filter>
    </ClInclude>
    <ClInclude Include="include\Graphics\Renderer.hpp">
      <Filter>Graphics</Filter>
    </ClInclude>
    <ClInclude Include="include\Graphics\RenderTarget.hpp">
      <Filter>Graphics</Filter>
    </ClInclude>
    <ClInclude Include="include\Graphics\VertexBuffer.hpp">
      <Filter>Graphics</Filter>
    </ClInclude>
    <ClInclude Include="include\Graphics\Texture.hpp">
      <Filter>Graphics</Filter>
    </ClInclude>
    <ClInclude Include="include\Graphics\MaterialProperty.hpp">
      <Filter>Graphics</Filter>
    </ClInclude>
    <ClInclude Include="include\d3d11\D3D11InputLayout.hpp">
      <Filter>d3d11</Filter>
    </ClInclude>
    <ClInclude Include="include\Graphics\Shader.hpp">
      <Filter>Graphics</Filter>
    </ClInclude>
    <ClInclude Include="include\d3d11\D3D11Shader.hpp">
      <Filter>d3d11</Filter>
    </ClInclude>
    <ClInclude Include="include\d3d11\D3D11VertexShader.hpp">
      <Filter>d3d11</Filter>
    </ClInclude>
    <ClInclude Include="include\d3d11\D3D11PixelShader.hpp">
      <Filter>d3d11</Filter>
    </ClInclude>
    <ClInclude Include="include\d3d11\D3D11GeometryShader.hpp">
      <Filter>d3d11</Filter>
    </ClInclude>
    <ClInclude Include="include\Graphics\BlendState.hpp">
      <Filter>Graphics</Filter>
    </ClInclude>
    <ClInclude Include="include\d3d11\D3D11BlendState.hpp">
      <Filter>d3d11</Filter>
    </ClInclude>
    <ClInclude Include="include\Graphics\Vertex.hpp">
      <Filter>Graphics</Filter>
    </ClInclude>
    <ClInclude Include="include\d3d11\D3D11VertexPosColNormTex.hpp">
      <Filter>d3d11</Filter>
    </ClInclude>
    <ClInclude Include="include\d3d11\D3D11VertexPosNormTex.hpp">
      <Filter>d3d11</Filter>
    </ClInclude>
  </ItemGroup>
  <ItemGroup>
    <ClCompile Include="src\d3d11\D3D11Device.cpp">
      <Filter>d3d11</Filter>
    </ClCompile>
    <ClCompile Include="src\d3d11\D3D11Material.cpp">
      <Filter>d3d11</Filter>
    </ClCompile>
    <ClCompile Include="src\d3d11\D3D11OrthographicCamera.cpp">
      <Filter>d3d11</Filter>
    </ClCompile>
    <ClCompile Include="src\d3d11\D3D11PerspectiveCamera.cpp">
      <Filter>d3d11</Filter>
    </ClCompile>
    <ClCompile Include="src\d3d11\D3D11Renderer.cpp">
      <Filter>d3d11</Filter>
    </ClCompile>
    <ClCompile Include="src\d3d11\D3D11RenderTarget.cpp">
      <Filter>d3d11</Filter>
    </ClCompile>
    <ClCompile Include="src\Graphics\Texture.cpp">
      <Filter>Graphics</Filter>
    </ClCompile>
    <ClCompile Include="src\Graphics\MaterialProperty.cpp">
      <Filter>Graphics</Filter>
    </ClCompile>
    <ClCompile Include="src\d3d11\D3D11InputLayout.cpp">
      <Filter>d3d11</Filter>
    </ClCompile>
    <ClCompile Include="src\Graphics\Shader.cpp">
      <Filter>Graphics</Filter>
    </ClCompile>
    <ClCompile Include="src\d3d11\D3D11VertexShader.cpp">
      <Filter>d3d11</Filter>
    </ClCompile>
    <ClCompile Include="src\d3d11\D3D11Shader.cpp">
      <Filter>d3d11</Filter>
    </ClCompile>
    <ClCompile Include="src\d3d11\D3D11GeometryShader.cpp">
      <Filter>d3d11</Filter>
    </ClCompile>
    <ClCompile Include="src\d3d11\D3D11PixelShader.cpp">
      <Filter>d3d11</Filter>
    </ClCompile>
    <ClCompile Include="src\Graphics\BlendState.cpp">
      <Filter>Graphics</Filter>
    </ClCompile>
    <ClCompile Include="src\d3d11\D3D11BlendState.cpp">
      <Filter>d3d11</Filter>
    </ClCompile>
    <ClCompile Include="src\Graphics\Renderer.cpp">
      <Filter>Graphics</Filter>
    </ClCompile>
  </ItemGroup>
</Project>