<?xml version="1.0" encoding="utf-8"?>
<Project ToolsVersion="4.0" xmlns="http://schemas.microsoft.com/developer/msbuild/2003">
  <ItemGroup>
    <Filter Include="d3d11">
      <UniqueIdentifier>{8b9c15b3-5db9-4a77-8acc-932bcb87c2d5}</UniqueIdentifier>
    </Filter>
    <Filter Include="d3d10">
      <UniqueIdentifier>{015fb133-e049-4630-9b11-25bfbccbf082}</UniqueIdentifier>
    </Filter>
    <Filter Include="Window">
      <UniqueIdentifier>{4024bae6-7f51-46a6-924d-cdf144f8b90d}</UniqueIdentifier>
    </Filter>
    <Filter Include="NextGenGraphics">
      <UniqueIdentifier>{ec393388-7bed-46d1-b272-835f9135b4d7}</UniqueIdentifier>
    </Filter>
    <Filter Include="NextGenGraphics\Types">
      <UniqueIdentifier>{728ff0bc-a6f6-4b7c-8fd4-7e23ee7ddb25}</UniqueIdentifier>
    </Filter>
    <Filter Include="Vulkan_deprecated">
      <UniqueIdentifier>{ff1ff517-f3a5-4b5f-8c70-cb8fd7fb4706}</UniqueIdentifier>
    </Filter>
    <Filter Include="d3d12_deprecated">
      <UniqueIdentifier>{16e4b1e5-700a-4ebb-8d36-5aa4d71913e2}</UniqueIdentifier>
    </Filter>
    <Filter Include="Vulkan">
      <UniqueIdentifier>{cbd7f7d3-0270-41b2-b4a6-b9591a0a3b99}</UniqueIdentifier>
    </Filter>
    <Filter Include="Graphics_deprecated">
      <UniqueIdentifier>{4be9c4fb-a198-44ee-9012-2b24014beb42}</UniqueIdentifier>
    </Filter>
    <Filter Include="Graphics">
      <UniqueIdentifier>{2e3ca534-bdc7-43d3-a353-6c354cfe7fe5}</UniqueIdentifier>
    </Filter>
  </ItemGroup>
  <ItemGroup>
    <ClInclude Include="include\d3d11\D3D11Device.hpp">
      <Filter>d3d11</Filter>
    </ClInclude>
    <ClInclude Include="include\d3d11\D3D11Renderer.hpp">
      <Filter>d3d11</Filter>
    </ClInclude>
    <ClInclude Include="include\d3d11\D3D11RenderTarget.hpp">
      <Filter>d3d11</Filter>
    </ClInclude>
    <ClInclude Include="include\d3d11\D3D11InputLayout.hpp">
      <Filter>d3d11</Filter>
    </ClInclude>
    <ClInclude Include="include\d3d11\D3D11Shader.hpp">
      <Filter>d3d11</Filter>
    </ClInclude>
    <ClInclude Include="include\d3d11\D3D11VertexShader.hpp">
      <Filter>d3d11</Filter>
    </ClInclude>
    <ClInclude Include="include\d3d11\D3D11PixelShader.hpp">
      <Filter>d3d11</Filter>
    </ClInclude>
    <ClInclude Include="include\d3d11\D3D11GeometryShader.hpp">
      <Filter>d3d11</Filter>
    </ClInclude>
    <ClInclude Include="include\d3d11\D3D11BlendState.hpp">
      <Filter>d3d11</Filter>
    </ClInclude>
    <ClInclude Include="include\d3d11\D3D11Viewport.hpp">
      <Filter>d3d11</Filter>
    </ClInclude>
    <ClInclude Include="include\GraphicsSettings.hpp" />
    <ClInclude Include="include\d3d10\D3D10BlendState.hpp">
      <Filter>d3d10</Filter>
    </ClInclude>
    <ClInclude Include="include\d3d10\D3D10Camera.hpp">
      <Filter>d3d10</Filter>
    </ClInclude>
    <ClInclude Include="include\d3d10\D3D10Device.hpp">
      <Filter>d3d10</Filter>
    </ClInclude>
    <ClInclude Include="include\d3d10\D3D10GeometryShader.hpp">
      <Filter>d3d10</Filter>
    </ClInclude>
    <ClInclude Include="include\d3d10\D3D10InputLayout.hpp">
      <Filter>d3d10</Filter>
    </ClInclude>
    <ClInclude Include="include\d3d10\D3D10OrthographicCamera.hpp">
      <Filter>d3d10</Filter>
    </ClInclude>
    <ClInclude Include="include\d3d10\D3D10PixelShader.hpp">
      <Filter>d3d10</Filter>
    </ClInclude>
    <ClInclude Include="include\d3d10\D3D10Renderer.hpp">
      <Filter>d3d10</Filter>
    </ClInclude>
    <ClInclude Include="include\d3d10\D3D10RenderTarget.hpp">
      <Filter>d3d10</Filter>
    </ClInclude>
    <ClInclude Include="include\d3d10\D3D10Shader.hpp">
      <Filter>d3d10</Filter>
    </ClInclude>
    <ClInclude Include="include\d3d10\D3D10VertexShader.hpp">
      <Filter>d3d10</Filter>
    </ClInclude>
    <ClInclude Include="include\d3d10\D3D10Viewport.hpp">
      <Filter>d3d10</Filter>
    </ClInclude>
    <ClInclude Include="include\d3d10\D3D10PerspectiveCamera.hpp">
      <Filter>d3d10</Filter>
    </ClInclude>
    <ClInclude Include="include\d3d11\D3D11Texture.hpp">
      <Filter>d3d11</Filter>
    </ClInclude>
    <ClInclude Include="include\d3d10\D3D10Texture.hpp">
      <Filter>d3d10</Filter>
    </ClInclude>
    <ClInclude Include="include\d3d11\D3D11Context.hpp">
      <Filter>d3d11</Filter>
    </ClInclude>
    <ClInclude Include="include\d3d11\D3D11Constant.hpp">
      <Filter>d3d11</Filter>
    </ClInclude>
    <ClInclude Include="include\d3d11\D3D11Resource.hpp">
      <Filter>d3d11</Filter>
    </ClInclude>
    <ClInclude Include="include\d3d11\D3D11VertexBuffer.hpp">
      <Filter>d3d11</Filter>
    </ClInclude>
    <ClInclude Include="include\d3d11\D3D11IndexBuffer.hpp">
      <Filter>d3d11</Filter>
    </ClInclude>
    <ClInclude Include="include\d3d11\D3D11ShaderFactory.hpp">
      <Filter>d3d11</Filter>
    </ClInclude>
    <ClInclude Include="include\d3d11\D3D11Sampler.hpp">
      <Filter>d3d11</Filter>
    </ClInclude>
    <ClInclude Include="include\d3d11\D3D11Buffer.hpp">
      <Filter>d3d11</Filter>
    </ClInclude>
    <ClInclude Include="include\d3d11\ID3D11ShaderResource.hpp">
      <Filter>d3d11</Filter>
    </ClInclude>
    <ClInclude Include="include\d3d11\D3D11DepthStencil.hpp">
      <Filter>d3d11</Filter>
    </ClInclude>
    <ClInclude Include="include\d3d11\D3D11DepthStencilBuffer.hpp">
      <Filter>d3d11</Filter>
    </ClInclude>
    <ClInclude Include="include\d3d11\D3D11StructuredBuffer.hpp">
      <Filter>d3d11</Filter>
    </ClInclude>
    <ClInclude Include="include\Window\Window.hpp">
      <Filter>Window</Filter>
    </ClInclude>
    <ClInclude Include="include\NextGenGraphics\Resource.hpp">
      <Filter>NextGenGraphics</Filter>
    </ClInclude>
    <ClInclude Include="include\NextGenGraphics\Device.hpp">
      <Filter>NextGenGraphics</Filter>
    </ClInclude>
    <ClInclude Include="include\NextGenGraphics\RenderTarget.hpp">
      <Filter>NextGenGraphics</Filter>
    </ClInclude>
    <ClInclude Include="include\NextGenGraphics\FrameGraph.hpp">
      <Filter>NextGenGraphics</Filter>
    </ClInclude>
    <ClInclude Include="include\NextGenGraphics\SamplerFactory.hpp">
      <Filter>NextGenGraphics</Filter>
    </ClInclude>
    <ClInclude Include="include\NextGenGraphics\DeviceFactory.hpp">
      <Filter>NextGenGraphics</Filter>
    </ClInclude>
    <ClInclude Include="include\NextGenGraphics\ShaderFactory.hpp">
      <Filter>NextGenGraphics</Filter>
    </ClInclude>
    <ClInclude Include="include\NextGenGraphics\Context.hpp">
      <Filter>NextGenGraphics</Filter>
    </ClInclude>
    <ClInclude Include="include\NextGenGraphics\Types.hpp">
      <Filter>NextGenGraphics</Filter>
    </ClInclude>
    <ClInclude Include="include\NextGenGraphics\Types\DeviceType.hpp">
      <Filter>NextGenGraphics\Types</Filter>
    </ClInclude>
    <ClInclude Include="include\NextGenGraphics\Types\MemoryType.hpp">
      <Filter>NextGenGraphics\Types</Filter>
    </ClInclude>
    <ClInclude Include="include\Vulkan_deprecated\VulkanBlendState.hpp">
      <Filter>Vulkan_deprecated</Filter>
    </ClInclude>
    <ClInclude Include="include\Vulkan_deprecated\VulkanBuffer.hpp">
      <Filter>Vulkan_deprecated</Filter>
    </ClInclude>
    <ClInclude Include="include\Vulkan_deprecated\VulkanCommandAllocator.hpp">
      <Filter>Vulkan_deprecated</Filter>
    </ClInclude>
    <ClInclude Include="include\Vulkan_deprecated\VulkanCommandList.hpp">
      <Filter>Vulkan_deprecated</Filter>
    </ClInclude>
    <ClInclude Include="include\Vulkan_deprecated\VulkanCommandQueue.hpp">
      <Filter>Vulkan_deprecated</Filter>
    </ClInclude>
    <ClInclude Include="include\Vulkan_deprecated\VulkanContext.hpp">
      <Filter>Vulkan_deprecated</Filter>
    </ClInclude>
    <ClInclude Include="include\Vulkan_deprecated\VulkanDescriptorHeap.hpp">
      <Filter>Vulkan_deprecated</Filter>
    </ClInclude>
    <ClInclude Include="include\Vulkan_deprecated\VulkanDescriptorTable.h">
      <Filter>Vulkan_deprecated</Filter>
    </ClInclude>
    <ClInclude Include="include\Vulkan_deprecated\VulkanDevice.hpp">
      <Filter>Vulkan_deprecated</Filter>
    </ClInclude>
    <ClInclude Include="include\Vulkan_deprecated\VulkanFence.hpp">
      <Filter>Vulkan_deprecated</Filter>
    </ClInclude>
    <ClInclude Include="include\Vulkan_deprecated\VulkanFormat.hpp">
      <Filter>Vulkan_deprecated</Filter>
    </ClInclude>
    <ClInclude Include="include\Vulkan_deprecated\VulkanHeap.hpp">
      <Filter>Vulkan_deprecated</Filter>
    </ClInclude>
    <ClInclude Include="include\Vulkan_deprecated\VulkanInputLayout.hpp">
      <Filter>Vulkan_deprecated</Filter>
    </ClInclude>
    <ClInclude Include="include\Vulkan_deprecated\VulkanPipeline.hpp">
      <Filter>Vulkan_deprecated</Filter>
    </ClInclude>
    <ClInclude Include="include\Vulkan_deprecated\VulkanRenderPass.hpp">
      <Filter>Vulkan_deprecated</Filter>
    </ClInclude>
    <ClInclude Include="include\Vulkan_deprecated\VulkanRenderTarget.hpp">
      <Filter>Vulkan_deprecated</Filter>
    </ClInclude>
    <ClInclude Include="include\Vulkan_deprecated\VulkanResource.hpp">
      <Filter>Vulkan_deprecated</Filter>
    </ClInclude>
    <ClInclude Include="include\Vulkan_deprecated\VulkanRootSignature.hpp">
      <Filter>Vulkan_deprecated</Filter>
    </ClInclude>
    <ClInclude Include="include\Vulkan_deprecated\VulkanSampler.hpp">
      <Filter>Vulkan_deprecated</Filter>
    </ClInclude>
    <ClInclude Include="include\Vulkan_deprecated\VulkanShader.hpp">
      <Filter>Vulkan_deprecated</Filter>
    </ClInclude>
    <ClInclude Include="include\Vulkan_deprecated\VulkanSwapChain.hpp">
      <Filter>Vulkan_deprecated</Filter>
    </ClInclude>
    <ClInclude Include="include\Vulkan_deprecated\VulkanUtils.hpp">
      <Filter>Vulkan_deprecated</Filter>
    </ClInclude>
    <ClInclude Include="include\Vulkan_deprecated\VulkanView.hpp">
      <Filter>Vulkan_deprecated</Filter>
    </ClInclude>
    <ClInclude Include="include\d3d12_deprecated\D3D12BlendState.hpp">
      <Filter>d3d12_deprecated</Filter>
    </ClInclude>
    <ClInclude Include="include\d3d12_deprecated\D3D12CommandAllocator.hpp">
      <Filter>d3d12_deprecated</Filter>
    </ClInclude>
    <ClInclude Include="include\d3d12_deprecated\D3D12CommandList.hpp">
      <Filter>d3d12_deprecated</Filter>
    </ClInclude>
    <ClInclude Include="include\d3d12_deprecated\D3D12CommandQueue.hpp">
      <Filter>d3d12_deprecated</Filter>
    </ClInclude>
    <ClInclude Include="include\d3d12_deprecated\D3D12DescriptorHeap.hpp">
      <Filter>d3d12_deprecated</Filter>
    </ClInclude>
    <ClInclude Include="include\d3d12_deprecated\D3D12DescriptorTable.hpp">
      <Filter>d3d12_deprecated</Filter>
    </ClInclude>
    <ClInclude Include="include\d3d12_deprecated\D3D12Device.hpp">
      <Filter>d3d12_deprecated</Filter>
    </ClInclude>
    <ClInclude Include="include\d3d12_deprecated\D3D12Fence.hpp">
      <Filter>d3d12_deprecated</Filter>
    </ClInclude>
    <ClInclude Include="include\d3d12_deprecated\D3D12Format.hpp">
      <Filter>d3d12_deprecated</Filter>
    </ClInclude>
    <ClInclude Include="include\d3d12_deprecated\D3D12Heap.hpp">
      <Filter>d3d12_deprecated</Filter>
    </ClInclude>
    <ClInclude Include="include\d3d12_deprecated\D3D12InputLayout.hpp">
      <Filter>d3d12_deprecated</Filter>
    </ClInclude>
    <ClInclude Include="include\d3d12_deprecated\D3D12Pipeline.hpp">
      <Filter>d3d12_deprecated</Filter>
    </ClInclude>
    <ClInclude Include="include\d3d12_deprecated\D3D12RenderPass.hpp">
      <Filter>d3d12_deprecated</Filter>
    </ClInclude>
    <ClInclude Include="include\d3d12_deprecated\D3D12RenderTarget.hpp">
      <Filter>d3d12_deprecated</Filter>
    </ClInclude>
    <ClInclude Include="include\d3d12_deprecated\D3D12Resource.hpp">
      <Filter>d3d12_deprecated</Filter>
    </ClInclude>
    <ClInclude Include="include\d3d12_deprecated\D3D12RootSignature.hpp">
      <Filter>d3d12_deprecated</Filter>
    </ClInclude>
    <ClInclude Include="include\d3d12_deprecated\D3D12Sampler.hpp">
      <Filter>d3d12_deprecated</Filter>
    </ClInclude>
    <ClInclude Include="include\d3d12_deprecated\D3D12Shader.hpp">
      <Filter>d3d12_deprecated</Filter>
    </ClInclude>
    <ClInclude Include="include\d3d12_deprecated\D3D12ShaderFactory.hpp">
      <Filter>d3d12_deprecated</Filter>
    </ClInclude>
    <ClInclude Include="include\d3d12_deprecated\D3D12SwapChain.hpp">
      <Filter>d3d12_deprecated</Filter>
    </ClInclude>
    <ClInclude Include="include\d3d12_deprecated\D3D12View.hpp">
      <Filter>d3d12_deprecated</Filter>
    </ClInclude>
    <ClInclude Include="include\Vulkan\VulkanUtils.hpp">
      <Filter>Vulkan</Filter>
    </ClInclude>
    <ClInclude Include="include\Graphics_deprecated\CommandAllocator.hpp">
      <Filter>Graphics_deprecated</Filter>
    </ClInclude>
    <ClInclude Include="include\Graphics_deprecated\CommandAllocatorFactory.hpp">
      <Filter>Graphics_deprecated</Filter>
    </ClInclude>
    <ClInclude Include="include\Graphics_deprecated\CommandList.hpp">
      <Filter>Graphics_deprecated</Filter>
    </ClInclude>
    <ClInclude Include="include\Graphics_deprecated\CommandListFactory.hpp">
      <Filter>Graphics_deprecated</Filter>
    </ClInclude>
    <ClInclude Include="include\Graphics_deprecated\CommandQueue.hpp">
      <Filter>Graphics_deprecated</Filter>
    </ClInclude>
    <ClInclude Include="include\Graphics_deprecated\CommandQueueFactory.hpp">
      <Filter>Graphics_deprecated</Filter>
    </ClInclude>
    <ClInclude Include="include\Graphics_deprecated\Constant.hpp">
      <Filter>Graphics_deprecated</Filter>
    </ClInclude>
    <ClInclude Include="include\Graphics_deprecated\ConstantFactory.hpp">
      <Filter>Graphics_deprecated</Filter>
    </ClInclude>
    <ClInclude Include="include\Graphics_deprecated\Context.hpp">
      <Filter>Graphics_deprecated</Filter>
    </ClInclude>
    <ClInclude Include="include\Graphics_deprecated\ContextFactory.hpp">
      <Filter>Graphics_deprecated</Filter>
    </ClInclude>
    <ClInclude Include="include\Graphics_deprecated\DescriptorHeap.hpp">
      <Filter>Graphics_deprecated</Filter>
    </ClInclude>
    <ClInclude Include="include\Graphics_deprecated\DescriptorHeapFactory.hpp">
      <Filter>Graphics_deprecated</Filter>
    </ClInclude>
    <ClInclude Include="include\Graphics_deprecated\DescriptorTable.h">
      <Filter>Graphics_deprecated</Filter>
    </ClInclude>
    <ClInclude Include="include\Graphics_deprecated\Device.hpp">
      <Filter>Graphics_deprecated</Filter>
    </ClInclude>
    <ClInclude Include="include\Graphics_deprecated\DeviceFactory.hpp">
      <Filter>Graphics_deprecated</Filter>
    </ClInclude>
    <ClInclude Include="include\Graphics_deprecated\Fence.hpp">
      <Filter>Graphics_deprecated</Filter>
    </ClInclude>
    <ClInclude Include="include\Graphics_deprecated\FenceFactory.hpp">
      <Filter>Graphics_deprecated</Filter>
    </ClInclude>
    <ClInclude Include="include\Graphics_deprecated\Format.hpp">
      <Filter>Graphics_deprecated</Filter>
    </ClInclude>
    <ClInclude Include="include\Graphics_deprecated\Heap.hpp">
      <Filter>Graphics_deprecated</Filter>
    </ClInclude>
    <ClInclude Include="include\Graphics_deprecated\HeapFactory.hpp">
      <Filter>Graphics_deprecated</Filter>
    </ClInclude>
    <ClInclude Include="include\Graphics_deprecated\IndexBuffer.hpp">
      <Filter>Graphics_deprecated</Filter>
    </ClInclude>
    <ClInclude Include="include\Graphics_deprecated\IndexBufferFactory.hpp">
      <Filter>Graphics_deprecated</Filter>
    </ClInclude>
    <ClInclude Include="include\Graphics_deprecated\InputLayout.hpp">
      <Filter>Graphics_deprecated</Filter>
    </ClInclude>
    <ClInclude Include="include\Graphics_deprecated\InputLayoutFactory.hpp">
      <Filter>Graphics_deprecated</Filter>
    </ClInclude>
    <ClInclude Include="include\Graphics_deprecated\MaterialProperty.hpp">
      <Filter>Graphics_deprecated</Filter>
    </ClInclude>
    <ClInclude Include="include\Graphics_deprecated\Pipeline.hpp">
      <Filter>Graphics_deprecated</Filter>
    </ClInclude>
    <ClInclude Include="include\Graphics_deprecated\PipelineFactory.hpp">
      <Filter>Graphics_deprecated</Filter>
    </ClInclude>
    <ClInclude Include="include\Graphics_deprecated\Renderer.hpp">
      <Filter>Graphics_deprecated</Filter>
    </ClInclude>
    <ClInclude Include="include\Graphics_deprecated\RendererFactory.hpp">
      <Filter>Graphics_deprecated</Filter>
    </ClInclude>
    <ClInclude Include="include\Graphics_deprecated\RenderPass.hpp">
      <Filter>Graphics_deprecated</Filter>
    </ClInclude>
    <ClInclude Include="include\Graphics_deprecated\RenderPassFactory.hpp">
      <Filter>Graphics_deprecated</Filter>
    </ClInclude>
    <ClInclude Include="include\Graphics_deprecated\RenderTargetFactory.hpp">
      <Filter>Graphics_deprecated</Filter>
    </ClInclude>
    <ClInclude Include="include\Graphics_deprecated\Resource.hpp">
      <Filter>Graphics_deprecated</Filter>
    </ClInclude>
    <ClInclude Include="include\Graphics_deprecated\ResourceFactory.hpp">
      <Filter>Graphics_deprecated</Filter>
    </ClInclude>
    <ClInclude Include="include\Graphics_deprecated\RootSignature.hpp">
      <Filter>Graphics_deprecated</Filter>
    </ClInclude>
    <ClInclude Include="include\Graphics_deprecated\RootSignatureFactory.hpp">
      <Filter>Graphics_deprecated</Filter>
    </ClInclude>
    <ClInclude Include="include\Graphics_deprecated\Sampler.hpp">
      <Filter>Graphics_deprecated</Filter>
    </ClInclude>
    <ClInclude Include="include\Graphics_deprecated\SamplerFactory.hpp">
      <Filter>Graphics_deprecated</Filter>
    </ClInclude>
    <ClInclude Include="include\Graphics_deprecated\Shader.hpp">
      <Filter>Graphics_deprecated</Filter>
    </ClInclude>
    <ClInclude Include="include\Graphics_deprecated\ShaderFactory.hpp">
      <Filter>Graphics_deprecated</Filter>
    </ClInclude>
    <ClInclude Include="include\Graphics_deprecated\ShaderFactoryFactory.hpp">
      <Filter>Graphics_deprecated</Filter>
    </ClInclude>
    <ClInclude Include="include\Graphics_deprecated\ShaderType.hpp">
      <Filter>Graphics_deprecated</Filter>
    </ClInclude>
    <ClInclude Include="include\Graphics_deprecated\StructuredBuffer.hpp">
      <Filter>Graphics_deprecated</Filter>
    </ClInclude>
    <ClInclude Include="include\Graphics_deprecated\StructuredBufferFactory.hpp">
      <Filter>Graphics_deprecated</Filter>
    </ClInclude>
    <ClInclude Include="include\Graphics_deprecated\SwapChain.hpp">
      <Filter>Graphics_deprecated</Filter>
    </ClInclude>
    <ClInclude Include="include\Graphics_deprecated\SwapChainFactory.hpp">
      <Filter>Graphics_deprecated</Filter>
    </ClInclude>
    <ClInclude Include="include\Graphics_deprecated\Texture.hpp">
      <Filter>Graphics_deprecated</Filter>
    </ClInclude>
    <ClInclude Include="include\Graphics_deprecated\TextureFactory.hpp">
      <Filter>Graphics_deprecated</Filter>
    </ClInclude>
    <ClInclude Include="include\Graphics_deprecated\VertexBuffer.hpp">
      <Filter>Graphics_deprecated</Filter>
    </ClInclude>
    <ClInclude Include="include\Graphics_deprecated\VertexBufferFactory.hpp">
      <Filter>Graphics_deprecated</Filter>
    </ClInclude>
    <ClInclude Include="include\Graphics_deprecated\View.hpp">
      <Filter>Graphics_deprecated</Filter>
    </ClInclude>
    <ClInclude Include="include\Graphics_deprecated\ViewportFactory.hpp">
      <Filter>Graphics_deprecated</Filter>
    </ClInclude>
    <ClInclude Include="include\Graphics\BlendState.hpp">
      <Filter>Graphics</Filter>
    </ClInclude>
    <ClInclude Include="include\Graphics\BlendStateFactory.hpp">
      <Filter>Graphics</Filter>
    </ClInclude>
    <ClInclude Include="include\Graphics\DepthTest.hpp">
      <Filter>Graphics</Filter>
    </ClInclude>
    <ClInclude Include="include\Graphics\StencilTest.hpp">
      <Filter>Graphics</Filter>
    </ClInclude>
    <ClInclude Include="include\Graphics\Comparison.hpp">
      <Filter>Graphics</Filter>
    </ClInclude>
    <ClInclude Include="include\Graphics\DepthStencil.hpp">
      <Filter>Graphics</Filter>
    </ClInclude>
    <ClInclude Include="include\Graphics_deprecated\DepthStencilFactory.hpp">
      <Filter>Graphics_deprecated</Filter>
    </ClInclude>
    <ClInclude Include="include\Graphics\Viewport.hpp">
      <Filter>Graphics</Filter>
    </ClInclude>
  </ItemGroup>
  <ItemGroup>
    <ClCompile Include="src\d3d11\D3D11Device.cpp">
      <Filter>d3d11</Filter>
    </ClCompile>
    <ClCompile Include="src\d3d11\D3D11Renderer.cpp">
      <Filter>d3d11</Filter>
    </ClCompile>
    <ClCompile Include="src\d3d11\D3D11RenderTarget.cpp">
      <Filter>d3d11</Filter>
    </ClCompile>
    <ClCompile Include="src\d3d11\D3D11InputLayout.cpp">
      <Filter>d3d11</Filter>
    </ClCompile>
    <ClCompile Include="src\d3d11\D3D11VertexShader.cpp">
      <Filter>d3d11</Filter>
    </ClCompile>
    <ClCompile Include="src\d3d11\D3D11Shader.cpp">
      <Filter>d3d11</Filter>
    </ClCompile>
    <ClCompile Include="src\d3d11\D3D11GeometryShader.cpp">
      <Filter>d3d11</Filter>
    </ClCompile>
    <ClCompile Include="src\d3d11\D3D11PixelShader.cpp">
      <Filter>d3d11</Filter>
    </ClCompile>
    <ClCompile Include="src\d3d11\D3D11BlendState.cpp">
      <Filter>d3d11</Filter>
    </ClCompile>
    <ClCompile Include="src\d3d11\D3D11Viewport.cpp">
      <Filter>d3d11</Filter>
    </ClCompile>
    <ClCompile Include="src\d3d10\D3D10Renderer.cpp">
      <Filter>d3d10</Filter>
    </ClCompile>
    <ClCompile Include="src\d3d10\D3D10Shader.cpp">
      <Filter>d3d10</Filter>
    </ClCompile>
    <ClCompile Include="src\d3d10\D3D10GeometryShader.cpp">
      <Filter>d3d10</Filter>
    </ClCompile>
    <ClCompile Include="src\d3d10\D3D10PixelShader.cpp">
      <Filter>d3d10</Filter>
    </ClCompile>
    <ClCompile Include="src\d3d10\D3D10VertexShader.cpp">
      <Filter>d3d10</Filter>
    </ClCompile>
    <ClCompile Include="src\d3d10\D3D10Viewport.cpp">
      <Filter>d3d10</Filter>
    </ClCompile>
    <ClCompile Include="src\d3d10\D3D10RenderTarget.cpp">
      <Filter>d3d10</Filter>
    </ClCompile>
    <ClCompile Include="src\d3d10\D3D10InputLayout.cpp">
      <Filter>d3d10</Filter>
    </ClCompile>
    <ClCompile Include="src\d3d10\D3D10Device.cpp">
      <Filter>d3d10</Filter>
    </ClCompile>
    <ClCompile Include="src\d3d10\D3D10BlendState.cpp">
      <Filter>d3d10</Filter>
    </ClCompile>
    <ClCompile Include="src\d3d10\D3D10OrthographicCamera.cpp">
      <Filter>d3d10</Filter>
    </ClCompile>
    <ClCompile Include="src\d3d10\D3D10PerspectiveCamera.cpp">
      <Filter>d3d10</Filter>
    </ClCompile>
    <ClCompile Include="src\d3d11\D3D11Texture.cpp">
      <Filter>d3d11</Filter>
    </ClCompile>
    <ClCompile Include="src\d3d11\D3D11Context.cpp">
      <Filter>d3d11</Filter>
    </ClCompile>
    <ClCompile Include="src\d3d11\D3D11Resource.cpp">
      <Filter>d3d11</Filter>
    </ClCompile>
    <ClCompile Include="src\d3d11\D3D11ShaderFactory.cpp">
      <Filter>d3d11</Filter>
    </ClCompile>
    <ClCompile Include="src\d3d11\D3D11Sampler.cpp">
      <Filter>d3d11</Filter>
    </ClCompile>
    <ClCompile Include="src\d3d11\D3D11Constant.cpp">
      <Filter>d3d11</Filter>
    </ClCompile>
    <ClCompile Include="src\d3d11\D3D11Buffer.cpp">
      <Filter>d3d11</Filter>
    </ClCompile>
    <ClCompile Include="src\d3d11\D3D11DepthStencil.cpp">
      <Filter>d3d11</Filter>
    </ClCompile>
    <ClCompile Include="src\d3d11\D3D11DepthStencilBuffer.cpp">
      <Filter>d3d11</Filter>
    </ClCompile>
    <ClCompile Include="src\d3d11\D3D11StructuredBuffer.cpp">
      <Filter>d3d11</Filter>
    </ClCompile>
    <ClCompile Include="src\Window\Window.cpp">
      <Filter>Window</Filter>
    </ClCompile>
    <ClCompile Include="src\NextGenGraphics\FrameGraph.cpp">
      <Filter>NextGenGraphics</Filter>
    </ClCompile>
    <ClCompile Include="src\NextGenGraphics\Resource.cpp">
      <Filter>NextGenGraphics</Filter>
    </ClCompile>
    <ClCompile Include="src\NextGenGraphics\SamplerFactory.cpp">
      <Filter>NextGenGraphics</Filter>
    </ClCompile>
    <ClCompile Include="src\NextGenGraphics\DeviceFactory.cpp">
      <Filter>NextGenGraphics</Filter>
    </ClCompile>
    <ClCompile Include="src\NextGenGraphics\ShaderFactory.cpp">
      <Filter>NextGenGraphics</Filter>
    </ClCompile>
    <ClCompile Include="src\NextGenGraphics\Context.cpp">
      <Filter>NextGenGraphics</Filter>
    </ClCompile>
    <ClCompile Include="src\NextGenGraphics\Types\MemoryType.cpp">
      <Filter>NextGenGraphics\Types</Filter>
    </ClCompile>
    <ClCompile Include="src\Vulkan_deprecated\VulkanBuffer.cpp">
      <Filter>Vulkan_deprecated</Filter>
    </ClCompile>
    <ClCompile Include="src\Vulkan_deprecated\VulkanCommandAllocator.cpp">
      <Filter>Vulkan_deprecated</Filter>
    </ClCompile>
    <ClCompile Include="src\Vulkan_deprecated\VulkanCommandList.cpp">
      <Filter>Vulkan_deprecated</Filter>
    </ClCompile>
    <ClCompile Include="src\Vulkan_deprecated\VulkanCommandQueue.cpp">
      <Filter>Vulkan_deprecated</Filter>
    </ClCompile>
    <ClCompile Include="src\Vulkan_deprecated\VulkanContext.cpp">
      <Filter>Vulkan_deprecated</Filter>
    </ClCompile>
    <ClCompile Include="src\Vulkan_deprecated\VulkanDescriptorHeap.cpp">
      <Filter>Vulkan_deprecated</Filter>
    </ClCompile>
    <ClCompile Include="src\Vulkan_deprecated\VulkanDevice.cpp">
      <Filter>Vulkan_deprecated</Filter>
    </ClCompile>
    <ClCompile Include="src\Vulkan_deprecated\VulkanFence.cpp">
      <Filter>Vulkan_deprecated</Filter>
    </ClCompile>
    <ClCompile Include="src\Vulkan_deprecated\VulkanHeap.cpp">
      <Filter>Vulkan_deprecated</Filter>
    </ClCompile>
    <ClCompile Include="src\Vulkan_deprecated\VulkanInputLayout.cpp">
      <Filter>Vulkan_deprecated</Filter>
    </ClCompile>
    <ClCompile Include="src\Vulkan_deprecated\VulkanPipeline.cpp">
      <Filter>Vulkan_deprecated</Filter>
    </ClCompile>
    <ClCompile Include="src\Vulkan_deprecated\VulkanRenderPass.cpp">
      <Filter>Vulkan_deprecated</Filter>
    </ClCompile>
    <ClCompile Include="src\Vulkan_deprecated\VulkanRenderTarget.cpp">
      <Filter>Vulkan_deprecated</Filter>
    </ClCompile>
    <ClCompile Include="src\Vulkan_deprecated\VulkanResource.cpp">
      <Filter>Vulkan_deprecated</Filter>
    </ClCompile>
    <ClCompile Include="src\Vulkan_deprecated\VulkanRootSignature.cpp">
      <Filter>Vulkan_deprecated</Filter>
    </ClCompile>
    <ClCompile Include="src\Vulkan_deprecated\VulkanSampler.cpp">
      <Filter>Vulkan_deprecated</Filter>
    </ClCompile>
    <ClCompile Include="src\Vulkan_deprecated\VulkanShader.cpp">
      <Filter>Vulkan_deprecated</Filter>
    </ClCompile>
    <ClCompile Include="src\Vulkan_deprecated\VulkanSwapChain.cpp">
      <Filter>Vulkan_deprecated</Filter>
    </ClCompile>
    <ClCompile Include="src\Vulkan_deprecated\VulkanView.cpp">
      <Filter>Vulkan_deprecated</Filter>
    </ClCompile>
    <ClCompile Include="src\d3d12_deprecated\D3D12CommandAllocator.cpp">
      <Filter>d3d12_deprecated</Filter>
    </ClCompile>
    <ClCompile Include="src\d3d12_deprecated\D3D12CommandList.cpp">
      <Filter>d3d12_deprecated</Filter>
    </ClCompile>
    <ClCompile Include="src\d3d12_deprecated\D3D12CommandQueue.cpp">
      <Filter>d3d12_deprecated</Filter>
    </ClCompile>
    <ClCompile Include="src\d3d12_deprecated\D3D12DescriptorHeap.cpp">
      <Filter>d3d12_deprecated</Filter>
    </ClCompile>
    <ClCompile Include="src\d3d12_deprecated\D3D12Device.cpp">
      <Filter>d3d12_deprecated</Filter>
    </ClCompile>
    <ClCompile Include="src\d3d12_deprecated\D3D12Fence.cpp">
      <Filter>d3d12_deprecated</Filter>
    </ClCompile>
    <ClCompile Include="src\d3d12_deprecated\D3D12Heap.cpp">
      <Filter>d3d12_deprecated</Filter>
    </ClCompile>
    <ClCompile Include="src\d3d12_deprecated\D3D12InputLayout.cpp">
      <Filter>d3d12_deprecated</Filter>
    </ClCompile>
    <ClCompile Include="src\d3d12_deprecated\D3D12Pipeline.cpp">
      <Filter>d3d12_deprecated</Filter>
    </ClCompile>
    <ClCompile Include="src\d3d12_deprecated\D3D12RenderPass.cpp">
      <Filter>d3d12_deprecated</Filter>
    </ClCompile>
    <ClCompile Include="src\d3d12_deprecated\D3D12RenderTarget.cpp">
      <Filter>d3d12_deprecated</Filter>
    </ClCompile>
    <ClCompile Include="src\d3d12_deprecated\D3D12Resource.cpp">
      <Filter>d3d12_deprecated</Filter>
    </ClCompile>
    <ClCompile Include="src\d3d12_deprecated\D3D12RootSignature.cpp">
      <Filter>d3d12_deprecated</Filter>
    </ClCompile>
    <ClCompile Include="src\d3d12_deprecated\D3D12Sampler.cpp">
      <Filter>d3d12_deprecated</Filter>
    </ClCompile>
    <ClCompile Include="src\d3d12_deprecated\D3D12Shader.cpp">
      <Filter>d3d12_deprecated</Filter>
    </ClCompile>
    <ClCompile Include="src\d3d12_deprecated\D3D12ShaderFactory.cpp">
      <Filter>d3d12_deprecated</Filter>
    </ClCompile>
    <ClCompile Include="src\d3d12_deprecated\D3D12SwapChain.cpp">
      <Filter>d3d12_deprecated</Filter>
    </ClCompile>
    <ClCompile Include="src\d3d12_deprecated\D3D12View.cpp">
      <Filter>d3d12_deprecated</Filter>
    </ClCompile>
    <ClCompile Include="src\Vulkan\VulkanUtils.cpp">
      <Filter>Vulkan</Filter>
    </ClCompile>
    <ClCompile Include="src\d3d12_deprecated\D3D12DescriptorTable.cpp">
      <Filter>d3d12_deprecated</Filter>
    </ClCompile>
    <ClCompile Include="src\Graphics_deprecated\CommandAllocatorFactory.cpp">
      <Filter>Graphics_deprecated</Filter>
    </ClCompile>
    <ClCompile Include="src\Graphics_deprecated\CommandList.cpp">
      <Filter>Graphics_deprecated</Filter>
    </ClCompile>
    <ClCompile Include="src\Graphics_deprecated\CommandListFactory.cpp">
      <Filter>Graphics_deprecated</Filter>
    </ClCompile>
    <ClCompile Include="src\Graphics_deprecated\CommandQueueFactory.cpp">
      <Filter>Graphics_deprecated</Filter>
    </ClCompile>
    <ClCompile Include="src\Graphics_deprecated\ConstantFactory.cpp">
      <Filter>Graphics_deprecated</Filter>
    </ClCompile>
    <ClCompile Include="src\Graphics_deprecated\DescriptorHeap.cpp">
      <Filter>Graphics_deprecated</Filter>
    </ClCompile>
    <ClCompile Include="src\Graphics_deprecated\DescriptorHeapFactory.cpp">
      <Filter>Graphics_deprecated</Filter>
    </ClCompile>
    <ClCompile Include="src\Graphics_deprecated\Device.cpp">
      <Filter>Graphics_deprecated</Filter>
    </ClCompile>
    <ClCompile Include="src\Graphics_deprecated\DeviceFactory.cpp">
      <Filter>Graphics_deprecated</Filter>
    </ClCompile>
    <ClCompile Include="src\Graphics_deprecated\FenceFactory.cpp">
      <Filter>Graphics_deprecated</Filter>
    </ClCompile>
    <ClCompile Include="src\Graphics_deprecated\Heap.cpp">
      <Filter>Graphics_deprecated</Filter>
    </ClCompile>
    <ClCompile Include="src\Graphics_deprecated\HeapFactory.cpp">
      <Filter>Graphics_deprecated</Filter>
    </ClCompile>
    <ClCompile Include="src\Graphics_deprecated\InputLayoutFactory.cpp">
      <Filter>Graphics_deprecated</Filter>
    </ClCompile>
    <ClCompile Include="src\Graphics_deprecated\MaterialProperty.cpp">
      <Filter>Graphics_deprecated</Filter>
    </ClCompile>
    <ClCompile Include="src\Graphics_deprecated\PipelineFactory.cpp">
      <Filter>Graphics_deprecated</Filter>
    </ClCompile>
    <ClCompile Include="src\Graphics_deprecated\Renderer.cpp">
      <Filter>Graphics_deprecated</Filter>
    </ClCompile>
    <ClCompile Include="src\Graphics_deprecated\RendererFactory.cpp">
      <Filter>Graphics_deprecated</Filter>
    </ClCompile>
    <ClCompile Include="src\Graphics_deprecated\RenderPass.cpp">
      <Filter>Graphics_deprecated</Filter>
    </ClCompile>
    <ClCompile Include="src\Graphics_deprecated\RenderPassFactory.cpp">
      <Filter>Graphics_deprecated</Filter>
    </ClCompile>
    <ClCompile Include="src\Graphics_deprecated\RenderTargetFactory.cpp">
      <Filter>Graphics_deprecated</Filter>
    </ClCompile>
    <ClCompile Include="src\Graphics_deprecated\ResourceFactory.cpp">
      <Filter>Graphics_deprecated</Filter>
    </ClCompile>
    <ClCompile Include="src\Graphics_deprecated\RootSignatureFactory.cpp">
      <Filter>Graphics_deprecated</Filter>
    </ClCompile>
    <ClCompile Include="src\Graphics_deprecated\Sampler.cpp">
      <Filter>Graphics_deprecated</Filter>
    </ClCompile>
    <ClCompile Include="src\Graphics_deprecated\SamplerFactory.cpp">
      <Filter>Graphics_deprecated</Filter>
    </ClCompile>
    <ClCompile Include="src\Graphics_deprecated\Shader.cpp">
      <Filter>Graphics_deprecated</Filter>
    </ClCompile>
    <ClCompile Include="src\Graphics_deprecated\ShaderFactory.cpp">
      <Filter>Graphics_deprecated</Filter>
    </ClCompile>
    <ClCompile Include="src\Graphics_deprecated\ShaderFactoryFactory.cpp">
      <Filter>Graphics_deprecated</Filter>
    </ClCompile>
    <ClCompile Include="src\Graphics_deprecated\StructuredBufferFactory.cpp">
      <Filter>Graphics_deprecated</Filter>
    </ClCompile>
    <ClCompile Include="src\Graphics_deprecated\SwapChain.cpp">
      <Filter>Graphics_deprecated</Filter>
    </ClCompile>
    <ClCompile Include="src\Graphics_deprecated\SwapChainFactory.cpp">
      <Filter>Graphics_deprecated</Filter>
    </ClCompile>
    <ClCompile Include="src\Graphics_deprecated\Texture.cpp">
      <Filter>Graphics_deprecated</Filter>
    </ClCompile>
    <ClCompile Include="src\Graphics_deprecated\TextureFactory.cpp">
      <Filter>Graphics_deprecated</Filter>
    </ClCompile>
    <ClCompile Include="src\Graphics_deprecated\View.cpp">
      <Filter>Graphics_deprecated</Filter>
    </ClCompile>
    <ClCompile Include="src\Graphics_deprecated\ViewportFactory.cpp">
      <Filter>Graphics_deprecated</Filter>
    </ClCompile>
    <ClCompile Include="src\Graphics\BlendState.cpp">
      <Filter>Graphics</Filter>
    </ClCompile>
    <ClCompile Include="src\Graphics\BlendStateFactory.cpp">
      <Filter>Graphics</Filter>
    </ClCompile>
    <ClCompile Include="src\Graphics\DepthTest.cpp">
      <Filter>Graphics</Filter>
    </ClCompile>
    <ClCompile Include="src\Graphics\StencilTest.cpp">
      <Filter>Graphics</Filter>
    </ClCompile>
    <ClCompile Include="src\Graphics\DepthStencil.cpp">
      <Filter>Graphics</Filter>
    </ClCompile>
    <ClCompile Include="src\Graphics_deprecated\DepthStencilFactory.cpp">
      <Filter>Graphics_deprecated</Filter>
    </ClCompile>
    <ClCompile Include="src\Graphics\Viewport.cpp">
      <Filter>Graphics</Filter>
    </ClCompile>
  </ItemGroup>
</Project>