<?xml version="1.0" encoding="utf-8"?>
<Project ToolsVersion="4.0" xmlns="http://schemas.microsoft.com/developer/msbuild/2003">
  <ItemGroup>
    <Filter Include="Window">
      <UniqueIdentifier>{4024bae6-7f51-46a6-924d-cdf144f8b90d}</UniqueIdentifier>
    </Filter>
    <Filter Include="NextGenGraphics">
      <UniqueIdentifier>{ec393388-7bed-46d1-b272-835f9135b4d7}</UniqueIdentifier>
    </Filter>
    <Filter Include="Vulkan">
      <UniqueIdentifier>{cbd7f7d3-0270-41b2-b4a6-b9591a0a3b99}</UniqueIdentifier>
    </Filter>
    <Filter Include="Graphics">
      <UniqueIdentifier>{2e3ca534-bdc7-43d3-a353-6c354cfe7fe5}</UniqueIdentifier>
    </Filter>
    <Filter Include="d3d12">
      <UniqueIdentifier>{da8a9a57-79f2-4866-9e62-3a8d35e3485d}</UniqueIdentifier>
    </Filter>
    <Filter Include="Graphics\Types">
      <UniqueIdentifier>{806a68b5-eb1d-4d49-959e-1666fbd8cde1}</UniqueIdentifier>
    </Filter>
  </ItemGroup>
  <ItemGroup>
    <ClInclude Include="include\GraphicsSettings.hpp" />
    <ClInclude Include="include\Window\Window.hpp">
      <Filter>Window</Filter>
    </ClInclude>
    <ClInclude Include="include\NextGenGraphics\FrameGraph.hpp">
      <Filter>NextGenGraphics</Filter>
    </ClInclude>
    <ClInclude Include="include\Vulkan\VulkanUtils.hpp">
      <Filter>Vulkan</Filter>
    </ClInclude>
    <ClInclude Include="include\Graphics\BlendState.hpp">
      <Filter>Graphics</Filter>
    </ClInclude>
    <ClInclude Include="include\Graphics\DepthTest.hpp">
      <Filter>Graphics</Filter>
    </ClInclude>
    <ClInclude Include="include\Graphics\StencilTest.hpp">
      <Filter>Graphics</Filter>
    </ClInclude>
    <ClInclude Include="include\Graphics\DepthStencil.hpp">
      <Filter>Graphics</Filter>
    </ClInclude>
    <ClInclude Include="include\Graphics\Viewport.hpp">
      <Filter>Graphics</Filter>
    </ClInclude>
    <ClInclude Include="include\Graphics\Shader.hpp">
      <Filter>Graphics</Filter>
    </ClInclude>
    <ClInclude Include="include\Graphics\ShaderType.hpp">
      <Filter>Graphics</Filter>
    </ClInclude>
    <ClInclude Include="include\d3d12\D3D12Shader.hpp">
      <Filter>d3d12</Filter>
    </ClInclude>
    <ClInclude Include="include\Vulkan\VulkanShader.hpp">
      <Filter>Vulkan</Filter>
    </ClInclude>
    <ClInclude Include="include\Graphics\CommandQueue.hpp">
      <Filter>Graphics</Filter>
    </ClInclude>
    <ClInclude Include="include\d3d12\D3D12CommandQueue.hpp">
      <Filter>d3d12</Filter>
    </ClInclude>
    <ClInclude Include="include\Vulkan\VulkanCommandQueue.hpp">
      <Filter>Vulkan</Filter>
    </ClInclude>
    <ClInclude Include="include\Graphics\CommandList.hpp">
      <Filter>Graphics</Filter>
    </ClInclude>
    <ClInclude Include="include\d3d12\D3D12CommandList.hpp">
      <Filter>d3d12</Filter>
    </ClInclude>
    <ClInclude Include="include\d3d12\D3D12Device.hpp">
      <Filter>d3d12</Filter>
    </ClInclude>
    <ClInclude Include="include\Graphics\CommandUtils.h">
      <Filter>Graphics</Filter>
    </ClInclude>
    <ClInclude Include="include\d3d12\D3D12Utils.hpp">
      <Filter>d3d12</Filter>
    </ClInclude>
    <ClInclude Include="include\Vulkan\VulkanGraphicsContext.hpp">
      <Filter>Vulkan</Filter>
    </ClInclude>
    <ClInclude Include="include\Graphics\CommandQueueFactory.hpp">
      <Filter>Graphics</Filter>
    </ClInclude>
    <ClInclude Include="include\Vulkan\VulkanCommandList.hpp">
      <Filter>Vulkan</Filter>
    </ClInclude>
    <ClInclude Include="include\Vulkan\VulkanDevice.hpp">
      <Filter>Vulkan</Filter>
    </ClInclude>
    <ClInclude Include="include\Graphics\SwapChainFactory.hpp">
      <Filter>Graphics</Filter>
    </ClInclude>
    <ClInclude Include="include\Graphics\SwapChain.hpp">
      <Filter>Graphics</Filter>
    </ClInclude>
    <ClInclude Include="include\d3d12\D3D12SwapChain.hpp">
      <Filter>d3d12</Filter>
    </ClInclude>
    <ClInclude Include="include\Vulkan\VulkanSwapChain.hpp">
      <Filter>Vulkan</Filter>
    </ClInclude>
    <ClInclude Include="include\Graphics\Format.hpp">
      <Filter>Graphics</Filter>
    </ClInclude>
    <ClInclude Include="include\d3d12\D3D12Format.hpp">
      <Filter>d3d12</Filter>
    </ClInclude>
    <ClInclude Include="include\Vulkan\VulkanFence.hpp">
      <Filter>Vulkan</Filter>
    </ClInclude>
    <ClInclude Include="include\Graphics\Fence.hpp">
      <Filter>Graphics</Filter>
    </ClInclude>
    <ClInclude Include="include\d3d12\D3D12Fence.hpp">
      <Filter>d3d12</Filter>
    </ClInclude>
    <ClInclude Include="include\Graphics\FenceFactory.hpp">
      <Filter>Graphics</Filter>
    </ClInclude>
    <ClInclude Include="include\Graphics\CommandAllocator.hpp">
      <Filter>Graphics</Filter>
    </ClInclude>
    <ClInclude Include="include\d3d12\D3D12CommandAllocator.hpp">
      <Filter>d3d12</Filter>
    </ClInclude>
    <ClInclude Include="include\Vulkan\VulkanCommandAllocator.hpp">
      <Filter>Vulkan</Filter>
    </ClInclude>
    <ClInclude Include="include\Graphics\CommandAllocatorFactory.hpp">
      <Filter>Graphics</Filter>
    </ClInclude>
    <ClInclude Include="include\Graphics\CommandListFactory.hpp">
      <Filter>Graphics</Filter>
    </ClInclude>
    <ClInclude Include="include\Graphics\View.hpp">
      <Filter>Graphics</Filter>
    </ClInclude>
    <ClInclude Include="include\Graphics\Device.hpp">
      <Filter>Graphics</Filter>
    </ClInclude>
    <ClInclude Include="include\Graphics\DeviceFactory.hpp">
      <Filter>Graphics</Filter>
    </ClInclude>
    <ClInclude Include="include\Graphics\Types.hpp">
      <Filter>Graphics</Filter>
    </ClInclude>
    <ClInclude Include="include\Graphics\Types\DeviceType.hpp">
      <Filter>Graphics\Types</Filter>
    </ClInclude>
    <ClInclude Include="include\Graphics\Types\MemoryType.hpp">
      <Filter>Graphics\Types</Filter>
    </ClInclude>
    <ClInclude Include="include\Graphics\ShaderFactory.hpp">
      <Filter>Graphics</Filter>
    </ClInclude>
    <ClInclude Include="include\Graphics\Resource.hpp">
      <Filter>Graphics</Filter>
    </ClInclude>
    <ClInclude Include="include\d3d12\D3D12Resource.hpp">
      <Filter>d3d12</Filter>
    </ClInclude>
    <ClInclude Include="include\Vulkan\VulkanResource.hpp">
      <Filter>Vulkan</Filter>
    </ClInclude>
    <ClInclude Include="include\Vulkan\VulkanView.hpp">
      <Filter>Vulkan</Filter>
    </ClInclude>
    <ClInclude Include="include\d3d12\D3D12GraphicsContext.hpp">
      <Filter>d3d12</Filter>
    </ClInclude>
    <ClInclude Include="include\Graphics\GraphicsContext.hpp">
      <Filter>Graphics</Filter>
    </ClInclude>
    <ClInclude Include="include\d3d12\D3D12View.hpp">
      <Filter>d3d12</Filter>
    </ClInclude>
    <ClInclude Include="include\Vulkan\VulkanFormat.hpp">
      <Filter>Vulkan</Filter>
    </ClInclude>
    <ClInclude Include="include\d3d12\D3D12RenderPass.hpp">
      <Filter>d3d12</Filter>
    </ClInclude>
    <ClInclude Include="include\Graphics\RenderPass.hpp">
      <Filter>Graphics</Filter>
    </ClInclude>
    <ClInclude Include="include\Vulkan\VulkanRenderPass.hpp">
      <Filter>Vulkan</Filter>
    </ClInclude>
    <ClInclude Include="include\Graphics\RenderPassFactory.hpp">
      <Filter>Graphics</Filter>
    </ClInclude>
    <ClInclude Include="include\Vulkan\VulkanPipeline.hpp">
      <Filter>Vulkan</Filter>
    </ClInclude>
    <ClInclude Include="include\Vulkan\VulkanHeader.hpp">
      <Filter>Vulkan</Filter>
    </ClInclude>
    <ClInclude Include="include\Graphics\RootSignature.hpp">
      <Filter>Graphics</Filter>
    </ClInclude>
    <ClInclude Include="include\Vulkan\VulkanRootSignature.hpp">
      <Filter>Vulkan</Filter>
    </ClInclude>
    <ClInclude Include="include\d3d12\D3D12RootSignature.hpp">
      <Filter>d3d12</Filter>
    </ClInclude>
    <ClInclude Include="include\Vulkan\VulkanSampler.hpp">
      <Filter>Vulkan</Filter>
    </ClInclude>
    <ClInclude Include="include\Graphics\Sampler.hpp">
      <Filter>Graphics</Filter>
    </ClInclude>
    <ClInclude Include="include\d3d12\D3D12Sampler.hpp">
      <Filter>d3d12</Filter>
    </ClInclude>
    <ClInclude Include="include\Graphics\ComparisonFunction.hpp">
      <Filter>Graphics</Filter>
    </ClInclude>
    <ClInclude Include="include\d3d12\D3D12Pipeline.hpp">
      <Filter>d3d12</Filter>
    </ClInclude>
    <ClInclude Include="include\Graphics\RootSignatureFactory.hpp">
      <Filter>Graphics</Filter>
    </ClInclude>
    <ClInclude Include="include\Graphics\SamplerFactory.hpp">
      <Filter>Graphics</Filter>
    </ClInclude>
    <ClInclude Include="include\Graphics\InputLayout.hpp">
      <Filter>Graphics</Filter>
    </ClInclude>
    <ClInclude Include="include\Graphics\InputLayoutFactory.hpp">
      <Filter>Graphics</Filter>
    </ClInclude>
    <ClInclude Include="include\Vulkan\VulkanInputLayout.hpp">
      <Filter>Vulkan</Filter>
    </ClInclude>
    <ClInclude Include="include\d3d12\D3D12InputLayout.hpp">
      <Filter>d3d12</Filter>
    </ClInclude>
    <ClInclude Include="include\Graphics\PipelineFactory.hpp">
      <Filter>Graphics</Filter>
    </ClInclude>
    <ClInclude Include="include\Graphics\Pipeline.hpp">
      <Filter>Graphics</Filter>
    </ClInclude>
    <ClInclude Include="include\Vulkan\VulkanViewport.hpp">
      <Filter>Vulkan</Filter>
    </ClInclude>
    <ClInclude Include="include\Graphics\ViewportFactory.hpp">
      <Filter>Graphics</Filter>
    </ClInclude>
    <ClInclude Include="include\Graphics\ResourceFactory.hpp">
      <Filter>Graphics</Filter>
    </ClInclude>
    <ClInclude Include="include\Graphics\DescriptorTable.hpp">
      <Filter>Graphics</Filter>
    </ClInclude>
    <ClInclude Include="include\Graphics\ViewFactory.hpp">
      <Filter>Graphics</Filter>
    </ClInclude>
    <ClInclude Include="include\Vulkan\VulkanDescriptorTable.hpp">
      <Filter>Vulkan</Filter>
    </ClInclude>
    <ClInclude Include="include\Graphics\Types\HLSLTypes.hpp">
      <Filter>Graphics\Types</Filter>
    </ClInclude>
    <ClInclude Include="include\Graphics\GraphicsInclude.hpp">
      <Filter>Graphics</Filter>
    </ClInclude>
    <ClInclude Include="include\Graphics\MultiBuffered.hpp">
      <Filter>Graphics</Filter>
    </ClInclude>
    <ClInclude Include="include\Graphics\Rasterizer.hpp">
      <Filter>Graphics</Filter>
    </ClInclude>
  </ItemGroup>
  <ItemGroup>
    <ClCompile Include="src\Window\Window.cpp">
      <Filter>Window</Filter>
    </ClCompile>
    <ClCompile Include="src\NextGenGraphics\FrameGraph.cpp">
      <Filter>NextGenGraphics</Filter>
    </ClCompile>
    <ClCompile Include="src\Vulkan\VulkanUtils.cpp">
      <Filter>Vulkan</Filter>
    </ClCompile>
    <ClCompile Include="src\Graphics\BlendState.cpp">
      <Filter>Graphics</Filter>
    </ClCompile>
    <ClCompile Include="src\Graphics\DepthTest.cpp">
      <Filter>Graphics</Filter>
    </ClCompile>
    <ClCompile Include="src\Graphics\StencilTest.cpp">
      <Filter>Graphics</Filter>
    </ClCompile>
    <ClCompile Include="src\Graphics\DepthStencil.cpp">
      <Filter>Graphics</Filter>
    </ClCompile>
    <ClCompile Include="src\Graphics\Viewport.cpp">
      <Filter>Graphics</Filter>
    </ClCompile>
    <ClCompile Include="src\Graphics\Shader.cpp">
      <Filter>Graphics</Filter>
    </ClCompile>
    <ClCompile Include="src\d3d12\D3D12Shader.cpp">
      <Filter>d3d12</Filter>
    </ClCompile>
    <ClCompile Include="src\Vulkan\VulkanShader.cpp">
      <Filter>Vulkan</Filter>
    </ClCompile>
    <ClCompile Include="src\d3d12\D3D12CommandQueue.cpp">
      <Filter>d3d12</Filter>
    </ClCompile>
    <ClCompile Include="src\Vulkan\VulkanCommandQueue.cpp">
      <Filter>Vulkan</Filter>
    </ClCompile>
    <ClCompile Include="src\Graphics\CommandList.cpp">
      <Filter>Graphics</Filter>
    </ClCompile>
    <ClCompile Include="src\d3d12\D3D12CommandList.cpp">
      <Filter>d3d12</Filter>
    </ClCompile>
    <ClCompile Include="src\d3d12\D3D12Device.cpp">
      <Filter>d3d12</Filter>
    </ClCompile>
    <ClCompile Include="src\Graphics\CommandQueue.cpp">
      <Filter>Graphics</Filter>
    </ClCompile>
    <ClCompile Include="src\d3d12\D3D12Utils.cpp">
      <Filter>d3d12</Filter>
    </ClCompile>
    <ClCompile Include="src\Vulkan\VulkanGraphicsContext.cpp">
      <Filter>Vulkan</Filter>
    </ClCompile>
    <ClCompile Include="src\Graphics\CommandQueueFactory.cpp">
      <Filter>Graphics</Filter>
    </ClCompile>
    <ClCompile Include="src\Vulkan\VulkanCommandList.cpp">
      <Filter>Vulkan</Filter>
    </ClCompile>
    <ClCompile Include="src\Vulkan\VulkanDevice.cpp">
      <Filter>Vulkan</Filter>
    </ClCompile>
    <ClCompile Include="src\Graphics\SwapChainFactory.cpp">
      <Filter>Graphics</Filter>
    </ClCompile>
    <ClCompile Include="src\Graphics\SwapChain.cpp">
      <Filter>Graphics</Filter>
    </ClCompile>
    <ClCompile Include="src\d3d12\D3D12SwapChain.cpp">
      <Filter>d3d12</Filter>
    </ClCompile>
    <ClCompile Include="src\Vulkan\VulkanSwapChain.cpp">
      <Filter>Vulkan</Filter>
    </ClCompile>
    <ClCompile Include="src\Vulkan\VulkanFence.cpp">
      <Filter>Vulkan</Filter>
    </ClCompile>
    <ClCompile Include="src\d3d12\D3D12Fence.cpp">
      <Filter>d3d12</Filter>
    </ClCompile>
    <ClCompile Include="src\Graphics\FenceFactory.cpp">
      <Filter>Graphics</Filter>
    </ClCompile>
    <ClCompile Include="src\d3d12\D3D12CommandAllocator.cpp">
      <Filter>d3d12</Filter>
    </ClCompile>
    <ClCompile Include="src\Vulkan\VulkanCommandAllocator.cpp">
      <Filter>Vulkan</Filter>
    </ClCompile>
    <ClCompile Include="src\Graphics\CommandAllocatorFactory.cpp">
      <Filter>Graphics</Filter>
    </ClCompile>
    <ClCompile Include="src\Graphics\CommandListFactory.cpp">
      <Filter>Graphics</Filter>
    </ClCompile>
    <ClCompile Include="src\Graphics\DeviceFactory.cpp">
      <Filter>Graphics</Filter>
    </ClCompile>
    <ClCompile Include="src\Graphics\Types\MemoryType.cpp">
      <Filter>Graphics\Types</Filter>
    </ClCompile>
    <ClCompile Include="src\Graphics\ShaderFactory.cpp">
      <Filter>Graphics</Filter>
    </ClCompile>
    <ClCompile Include="src\Graphics\Resource.cpp">
      <Filter>Graphics</Filter>
    </ClCompile>
    <ClCompile Include="src\d3d12\D3D12Resource.cpp">
      <Filter>d3d12</Filter>
    </ClCompile>
    <ClCompile Include="src\Vulkan\VulkanResource.cpp">
      <Filter>Vulkan</Filter>
    </ClCompile>
    <ClCompile Include="src\Graphics\View.cpp">
      <Filter>Graphics</Filter>
    </ClCompile>
    <ClCompile Include="src\Graphics\GraphicsContext.cpp">
      <Filter>Graphics</Filter>
    </ClCompile>
    <ClCompile Include="src\d3d12\D3D12View.cpp">
      <Filter>d3d12</Filter>
    </ClCompile>
    <ClCompile Include="src\d3d12\D3D12GraphicsContext.cpp">
      <Filter>d3d12</Filter>
    </ClCompile>
    <ClCompile Include="src\Vulkan\VulkanView.cpp">
      <Filter>Vulkan</Filter>
    </ClCompile>
    <ClCompile Include="src\Vulkan\VulkanFormat.cpp">
      <Filter>Vulkan</Filter>
    </ClCompile>
    <ClCompile Include="src\d3d12\D3D12RenderPass.cpp">
      <Filter>d3d12</Filter>
    </ClCompile>
    <ClCompile Include="src\Graphics\RenderPass.cpp">
      <Filter>Graphics</Filter>
    </ClCompile>
    <ClCompile Include="src\Vulkan\VulkanRenderPass.cpp">
      <Filter>Vulkan</Filter>
    </ClCompile>
    <ClCompile Include="src\Graphics\RenderPassFactory.cpp">
      <Filter>Graphics</Filter>
    </ClCompile>
    <ClCompile Include="src\Vulkan\VulkanPipeline.cpp">
      <Filter>Vulkan</Filter>
    </ClCompile>
    <ClCompile Include="src\Vulkan\VulkanRootSignature.cpp">
      <Filter>Vulkan</Filter>
    </ClCompile>
    <ClCompile Include="src\d3d12\D3D12RootSignature.cpp">
      <Filter>d3d12</Filter>
    </ClCompile>
    <ClCompile Include="src\Vulkan\VulkanSampler.cpp">
      <Filter>Vulkan</Filter>
    </ClCompile>
    <ClCompile Include="src\d3d12\D3D12Sampler.cpp">
      <Filter>d3d12</Filter>
    </ClCompile>
    <ClCompile Include="src\d3d12\D3D12Pipeline.cpp">
      <Filter>d3d12</Filter>
    </ClCompile>
    <ClCompile Include="src\Graphics\RootSignatureFactory.cpp">
      <Filter>Graphics</Filter>
    </ClCompile>
    <ClCompile Include="src\Graphics\CommandUtils.cpp">
      <Filter>Graphics</Filter>
    </ClCompile>
    <ClCompile Include="src\Graphics\SamplerFactory.cpp">
      <Filter>Graphics</Filter>
    </ClCompile>
    <ClCompile Include="src\Graphics\InputLayoutFactory.cpp">
      <Filter>Graphics</Filter>
    </ClCompile>
    <ClCompile Include="src\Vulkan\VulkanInputLayout.cpp">
      <Filter>Vulkan</Filter>
    </ClCompile>
    <ClCompile Include="src\d3d12\D3D12InputLayout.cpp">
      <Filter>d3d12</Filter>
    </ClCompile>
    <ClCompile Include="src\Graphics\PipelineFactory.cpp">
      <Filter>Graphics</Filter>
    </ClCompile>
    <ClCompile Include="src\Graphics\InputLayout.cpp">
      <Filter>Graphics</Filter>
    </ClCompile>
    <ClCompile Include="src\Graphics\ViewportFactory.cpp">
      <Filter>Graphics</Filter>
    </ClCompile>
    <ClCompile Include="src\Graphics\ResourceFactory.cpp">
      <Filter>Graphics</Filter>
    </ClCompile>
    <ClCompile Include="src\d3d12\D3D12Format.cpp">
      <Filter>d3d12</Filter>
    </ClCompile>
    <ClCompile Include="src\Graphics\DescriptorTable.cpp">
      <Filter>Graphics</Filter>
    </ClCompile>
    <ClCompile Include="src\Graphics\RootSignature.cpp">
      <Filter>Graphics</Filter>
    </ClCompile>
    <ClCompile Include="src\Graphics\ViewFactory.cpp">
      <Filter>Graphics</Filter>
    </ClCompile>
    <ClCompile Include="src\Graphics\Pipeline.cpp">
      <Filter>Graphics</Filter>
    </ClCompile>
    <ClCompile Include="src\Graphics\ShaderType.cpp">
      <Filter>Graphics</Filter>
    </ClCompile>
    <ClCompile Include="src\Vulkan\VulkanDescriptorTable.cpp">
      <Filter>Vulkan</Filter>
    </ClCompile>
    <ClCompile Include="src\Graphics\Types\HLSLTypes.cpp">
      <Filter>Graphics\Types</Filter>
    </ClCompile>
    <ClCompile Include="src\Graphics\Rasterizer.cpp">
      <Filter>Graphics</Filter>
    </ClCompile>
  </ItemGroup>
</Project>